
Microsoft Visual Studio Solution File, Format Version 12.00
# Visual Studio Version 17
VisualStudioVersion = 17.0.32112.339
MinimumVisualStudioVersion = 10.0.40219.1
Project("{FAE04EC0-301F-11D3-BF4B-00C04F79EFBC}") = "CSharp_console_app", "CSharp_console_app\CSharp_console_app.csproj", "{891E936E-3FDF-4B65-93F0-04BC2DB7C9E3}"
EndProject
Global
	GlobalSection(SolutionConfigurationPlatforms) = preSolution
		Debug|Any CPU = Debug|Any CPU
		Release|Any CPU = Release|Any CPU
	EndGlobalSection
	GlobalSection(ProjectConfigurationPlatforms) = postSolution
		{891E936E-3FDF-4B65-93F0-04BC2DB7C9E3}.Debug|Any CPU.ActiveCfg = Debug|Any CPU
		{891E936E-3FDF-4B65-93F0-04BC2DB7C9E3}.Debug|Any CPU.Build.0 = Debug|Any CPU
		{891E936E-3FDF-4B65-93F0-04BC2DB7C9E3}.Release|Any CPU.ActiveCfg = Release|Any CPU
		{891E936E-3FDF-4B65-93F0-04BC2DB7C9E3}.Release|Any CPU.Build.0 = Release|Any CPU
	EndGlobalSection
	GlobalSection(SolutionProperties) = preSolution
		HideSolutionNode = FALSE
	EndGlobalSection
	GlobalSection(ExtensibilityGlobals) = postSolution
		SolutionGuid = {E43D7DF8-C868-4629-85FB-F050ADEC1D68}
	EndGlobalSection
EndGlobal
